
Microsoft Visual Studio Solution File, Format Version 12.00
# Visual Studio Version 17
VisualStudioVersion = 17.5.002.0
MinimumVisualStudioVersion = 10.0.40219.1
Project("{2150E333-8FDC-42A3-9474-1A3956D46DE8}") = "week-2", "week-2", "{AA42A03E-6C55-49F3-9DDA-C75D319AC4CB}"
EndProject
Project("{9A19103F-16F7-4668-BE54-9A1E7A4F7556}") = "StackAndQueue", "week-2\StackAndQueue\StackAndQueue.csproj", "{E1E4EC23-513A-4CED-9DEA-AAD45B53B4EE}"
EndProject
Project("{2150E333-8FDC-42A3-9474-1A3956D46DE8}") = "week-1", "week-1", "{0C4BA9B2-C346-40FA-8D75-E9981EDF43A3}"
EndProject
Project("{2150E333-8FDC-42A3-9474-1A3956D46DE8}") = "c#", "c#", "{461C977F-EC26-44C2-AE4F-6B0E65A5E83A}"
EndProject
Project("{9A19103F-16F7-4668-BE54-9A1E7A4F7556}") = "LinkedListDoubly", "week-1\c#\LinkedListDoubly\LinkedListDoubly.csproj", "{593968DB-7873-4142-9E91-93F7A9905C91}"
EndProject
Project("{9A19103F-16F7-4668-BE54-9A1E7A4F7556}") = "LinkedListSingly", "week-1\c#\LinkedListSingly\LinkedListSingly.csproj", "{0775C575-FFC9-4DFF-BDFF-891DF1ADAFD0}"
EndProject
Project("{9A19103F-16F7-4668-BE54-9A1E7A4F7556}") = "Reference", "week-1\c#\Reference\Reference.csproj", "{F4E486C5-66A6-4290-8495-ED98414E80FB}"
EndProject
Project("{2150E333-8FDC-42A3-9474-1A3956D46DE8}") = "week-4", "week-4", "{F3259418-B9B3-4C21-A92E-7C1C18F42E0C}"
EndProject
Project("{FAE04EC0-301F-11D3-BF4B-00C04F79EFBC}") = "BasicSorting", "week-4\BasicSorting\BasicSorting.csproj", "{15EBA4AE-AEE4-4FF9-9893-197CF98D18DB}"
EndProject
Project("{2150E333-8FDC-42A3-9474-1A3956D46DE8}") = "week-6", "week-6", "{08D80FF2-4CAF-46F8-8C2B-2E667E38A2A2}"
EndProject
Project("{FAE04EC0-301F-11D3-BF4B-00C04F79EFBC}") = "AdvanceSorting", "week-6\AdvanceSorting\AdvanceSorting.csproj", "{37C9BFD6-6140-4E65-BD4A-327A1ACB83C8}"
EndProject
Project("{2150E333-8FDC-42A3-9474-1A3956D46DE8}") = "week-9", "week-9", "{C6041B8A-C119-4513-86D4-1A71B1B1FD30}"
EndProject
Project("{FAE04EC0-301F-11D3-BF4B-00C04F79EFBC}") = "BinarySearchTree", "week-9\BinarySearchTree\BinarySearchTree.csproj", "{A3E9FDA9-F593-407B-8B1A-16CA3FE89B6B}"
EndProject
Global
	GlobalSection(SolutionConfigurationPlatforms) = preSolution
		Debug|Any CPU = Debug|Any CPU
		Release|Any CPU = Release|Any CPU
	EndGlobalSection
	GlobalSection(ProjectConfigurationPlatforms) = postSolution
		{E1E4EC23-513A-4CED-9DEA-AAD45B53B4EE}.Debug|Any CPU.ActiveCfg = Debug|Any CPU
		{E1E4EC23-513A-4CED-9DEA-AAD45B53B4EE}.Debug|Any CPU.Build.0 = Debug|Any CPU
		{E1E4EC23-513A-4CED-9DEA-AAD45B53B4EE}.Release|Any CPU.ActiveCfg = Release|Any CPU
		{E1E4EC23-513A-4CED-9DEA-AAD45B53B4EE}.Release|Any CPU.Build.0 = Release|Any CPU
		{593968DB-7873-4142-9E91-93F7A9905C91}.Debug|Any CPU.ActiveCfg = Debug|Any CPU
		{593968DB-7873-4142-9E91-93F7A9905C91}.Debug|Any CPU.Build.0 = Debug|Any CPU
		{593968DB-7873-4142-9E91-93F7A9905C91}.Release|Any CPU.ActiveCfg = Release|Any CPU
		{593968DB-7873-4142-9E91-93F7A9905C91}.Release|Any CPU.Build.0 = Release|Any CPU
		{0775C575-FFC9-4DFF-BDFF-891DF1ADAFD0}.Debug|Any CPU.ActiveCfg = Debug|Any CPU
		{0775C575-FFC9-4DFF-BDFF-891DF1ADAFD0}.Debug|Any CPU.Build.0 = Debug|Any CPU
		{0775C575-FFC9-4DFF-BDFF-891DF1ADAFD0}.Release|Any CPU.ActiveCfg = Release|Any CPU
		{0775C575-FFC9-4DFF-BDFF-891DF1ADAFD0}.Release|Any CPU.Build.0 = Release|Any CPU
		{F4E486C5-66A6-4290-8495-ED98414E80FB}.Debug|Any CPU.ActiveCfg = Debug|Any CPU
		{F4E486C5-66A6-4290-8495-ED98414E80FB}.Debug|Any CPU.Build.0 = Debug|Any CPU
		{F4E486C5-66A6-4290-8495-ED98414E80FB}.Release|Any CPU.ActiveCfg = Release|Any CPU
		{F4E486C5-66A6-4290-8495-ED98414E80FB}.Release|Any CPU.Build.0 = Release|Any CPU
		{15EBA4AE-AEE4-4FF9-9893-197CF98D18DB}.Debug|Any CPU.ActiveCfg = Debug|Any CPU
		{15EBA4AE-AEE4-4FF9-9893-197CF98D18DB}.Debug|Any CPU.Build.0 = Debug|Any CPU
		{15EBA4AE-AEE4-4FF9-9893-197CF98D18DB}.Release|Any CPU.ActiveCfg = Release|Any CPU
		{15EBA4AE-AEE4-4FF9-9893-197CF98D18DB}.Release|Any CPU.Build.0 = Release|Any CPU
		{37C9BFD6-6140-4E65-BD4A-327A1ACB83C8}.Debug|Any CPU.ActiveCfg = Debug|Any CPU
		{37C9BFD6-6140-4E65-BD4A-327A1ACB83C8}.Debug|Any CPU.Build.0 = Debug|Any CPU
		{37C9BFD6-6140-4E65-BD4A-327A1ACB83C8}.Release|Any CPU.ActiveCfg = Release|Any CPU
		{37C9BFD6-6140-4E65-BD4A-327A1ACB83C8}.Release|Any CPU.Build.0 = Release|Any CPU
		{A3E9FDA9-F593-407B-8B1A-16CA3FE89B6B}.Debug|Any CPU.ActiveCfg = Debug|Any CPU
		{A3E9FDA9-F593-407B-8B1A-16CA3FE89B6B}.Debug|Any CPU.Build.0 = Debug|Any CPU
		{A3E9FDA9-F593-407B-8B1A-16CA3FE89B6B}.Release|Any CPU.ActiveCfg = Release|Any CPU
		{A3E9FDA9-F593-407B-8B1A-16CA3FE89B6B}.Release|Any CPU.Build.0 = Release|Any CPU
	EndGlobalSection
	GlobalSection(SolutionProperties) = preSolution
		HideSolutionNode = FALSE
	EndGlobalSection
	GlobalSection(NestedProjects) = preSolution
		{E1E4EC23-513A-4CED-9DEA-AAD45B53B4EE} = {AA42A03E-6C55-49F3-9DDA-C75D319AC4CB}
		{461C977F-EC26-44C2-AE4F-6B0E65A5E83A} = {0C4BA9B2-C346-40FA-8D75-E9981EDF43A3}
		{593968DB-7873-4142-9E91-93F7A9905C91} = {461C977F-EC26-44C2-AE4F-6B0E65A5E83A}
		{0775C575-FFC9-4DFF-BDFF-891DF1ADAFD0} = {461C977F-EC26-44C2-AE4F-6B0E65A5E83A}
		{F4E486C5-66A6-4290-8495-ED98414E80FB} = {461C977F-EC26-44C2-AE4F-6B0E65A5E83A}
		{15EBA4AE-AEE4-4FF9-9893-197CF98D18DB} = {F3259418-B9B3-4C21-A92E-7C1C18F42E0C}
		{37C9BFD6-6140-4E65-BD4A-327A1ACB83C8} = {08D80FF2-4CAF-46F8-8C2B-2E667E38A2A2}
		{A3E9FDA9-F593-407B-8B1A-16CA3FE89B6B} = {C6041B8A-C119-4513-86D4-1A71B1B1FD30}
	EndGlobalSection
	GlobalSection(ExtensibilityGlobals) = postSolution
		SolutionGuid = {100ECB94-C2D3-4E2A-90E6-E1B8252E0A33}
	EndGlobalSection
EndGlobal
