
Microsoft Visual Studio Solution File, Format Version 12.00
# Visual Studio Version 17
VisualStudioVersion = 17.5.002.0
MinimumVisualStudioVersion = 10.0.40219.1
Project("{2150E333-8FDC-42A3-9474-1A3956D46DE8}") = "week-2", "week-2", "{25EE7BBE-C4DA-4A83-A5F4-3778801E490F}"
EndProject
Project("{9A19103F-16F7-4668-BE54-9A1E7A4F7556}") = "StackAndQueue", "week-2\StackAndQueue\StackAndQueue.csproj", "{42EC7B1A-A559-4910-A431-995857332CF7}"
EndProject
Project("{2150E333-8FDC-42A3-9474-1A3956D46DE8}") = "week-1", "week-1", "{61E8AF23-5C74-4122-A1D0-617D7424D954}"
EndProject
Project("{2150E333-8FDC-42A3-9474-1A3956D46DE8}") = "c#", "c#", "{5B2C7649-07AA-4A68-AF12-04BE1ADEC6AA}"
EndProject
Project("{9A19103F-16F7-4668-BE54-9A1E7A4F7556}") = "LinkedListDoubly", "week-1\c#\LinkedListDoubly\LinkedListDoubly.csproj", "{BB808C8A-BBE1-49EE-B0DA-B5B0F6D1C072}"
EndProject
Project("{9A19103F-16F7-4668-BE54-9A1E7A4F7556}") = "LinkedListSingly", "week-1\c#\LinkedListSingly\LinkedListSingly.csproj", "{50C0125C-0FC2-4FFB-9738-D7254A6AC13E}"
EndProject
Project("{9A19103F-16F7-4668-BE54-9A1E7A4F7556}") = "Reference", "week-1\c#\Reference\Reference.csproj", "{A1E2D6CC-38DD-4D77-8BC1-36D10AD370B5}"
EndProject
Global
	GlobalSection(SolutionConfigurationPlatforms) = preSolution
		Debug|Any CPU = Debug|Any CPU
		Release|Any CPU = Release|Any CPU
	EndGlobalSection
	GlobalSection(ProjectConfigurationPlatforms) = postSolution
		{42EC7B1A-A559-4910-A431-995857332CF7}.Debug|Any CPU.ActiveCfg = Debug|Any CPU
		{42EC7B1A-A559-4910-A431-995857332CF7}.Debug|Any CPU.Build.0 = Debug|Any CPU
		{42EC7B1A-A559-4910-A431-995857332CF7}.Release|Any CPU.ActiveCfg = Release|Any CPU
		{42EC7B1A-A559-4910-A431-995857332CF7}.Release|Any CPU.Build.0 = Release|Any CPU
		{BB808C8A-BBE1-49EE-B0DA-B5B0F6D1C072}.Debug|Any CPU.ActiveCfg = Debug|Any CPU
		{BB808C8A-BBE1-49EE-B0DA-B5B0F6D1C072}.Debug|Any CPU.Build.0 = Debug|Any CPU
		{BB808C8A-BBE1-49EE-B0DA-B5B0F6D1C072}.Release|Any CPU.ActiveCfg = Release|Any CPU
		{BB808C8A-BBE1-49EE-B0DA-B5B0F6D1C072}.Release|Any CPU.Build.0 = Release|Any CPU
		{50C0125C-0FC2-4FFB-9738-D7254A6AC13E}.Debug|Any CPU.ActiveCfg = Debug|Any CPU
		{50C0125C-0FC2-4FFB-9738-D7254A6AC13E}.Debug|Any CPU.Build.0 = Debug|Any CPU
		{50C0125C-0FC2-4FFB-9738-D7254A6AC13E}.Release|Any CPU.ActiveCfg = Release|Any CPU
		{50C0125C-0FC2-4FFB-9738-D7254A6AC13E}.Release|Any CPU.Build.0 = Release|Any CPU
		{A1E2D6CC-38DD-4D77-8BC1-36D10AD370B5}.Debug|Any CPU.ActiveCfg = Debug|Any CPU
		{A1E2D6CC-38DD-4D77-8BC1-36D10AD370B5}.Debug|Any CPU.Build.0 = Debug|Any CPU
		{A1E2D6CC-38DD-4D77-8BC1-36D10AD370B5}.Release|Any CPU.ActiveCfg = Release|Any CPU
		{A1E2D6CC-38DD-4D77-8BC1-36D10AD370B5}.Release|Any CPU.Build.0 = Release|Any CPU
	EndGlobalSection
	GlobalSection(SolutionProperties) = preSolution
		HideSolutionNode = FALSE
	EndGlobalSection
	GlobalSection(NestedProjects) = preSolution
		{42EC7B1A-A559-4910-A431-995857332CF7} = {25EE7BBE-C4DA-4A83-A5F4-3778801E490F}
		{5B2C7649-07AA-4A68-AF12-04BE1ADEC6AA} = {61E8AF23-5C74-4122-A1D0-617D7424D954}
		{BB808C8A-BBE1-49EE-B0DA-B5B0F6D1C072} = {5B2C7649-07AA-4A68-AF12-04BE1ADEC6AA}
		{50C0125C-0FC2-4FFB-9738-D7254A6AC13E} = {5B2C7649-07AA-4A68-AF12-04BE1ADEC6AA}
		{A1E2D6CC-38DD-4D77-8BC1-36D10AD370B5} = {5B2C7649-07AA-4A68-AF12-04BE1ADEC6AA}
	EndGlobalSection
	GlobalSection(ExtensibilityGlobals) = postSolution
		SolutionGuid = {100ECB94-C2D3-4E2A-90E6-E1B8252E0A33}
	EndGlobalSection
EndGlobal
